
Microsoft Visual Studio Solution File, Format Version 12.00
# Visual Studio 15
VisualStudioVersion = 15.0.26430.15
MinimumVisualStudioVersion = 10.0.40219.1
Project("{FAE04EC0-301F-11D3-BF4B-00C04F79EFBC}") = "BloodDonation.WebService", "BloodDonation.WebService\BloodDonation.WebService.csproj", "{C77AEE29-63F5-49BA-B1ED-638706FA71D9}"
EndProject
Project("{FAE04EC0-301F-11D3-BF4B-00C04F79EFBC}") = "BloodDonation.Requirements", "BloodDonation.Requirements\BloodDonation.Requirements.csproj", "{573DD6BF-BB52-4D7F-9888-931409765643}"
EndProject
Project("{FAE04EC0-301F-11D3-BF4B-00C04F79EFBC}") = "BloodDonation.DTO", "BloodDonation.DTO\BloodDonation.DTO.csproj", "{D8C83D79-684B-4B0F-9E34-B5496E79FEDD}"
EndProject
Global
	GlobalSection(SolutionConfigurationPlatforms) = preSolution
		Debug|Any CPU = Debug|Any CPU
		Release|Any CPU = Release|Any CPU
	EndGlobalSection
	GlobalSection(ProjectConfigurationPlatforms) = postSolution
		{C77AEE29-63F5-49BA-B1ED-638706FA71D9}.Debug|Any CPU.ActiveCfg = Debug|Any CPU
		{C77AEE29-63F5-49BA-B1ED-638706FA71D9}.Debug|Any CPU.Build.0 = Debug|Any CPU
		{C77AEE29-63F5-49BA-B1ED-638706FA71D9}.Release|Any CPU.ActiveCfg = Release|Any CPU
		{C77AEE29-63F5-49BA-B1ED-638706FA71D9}.Release|Any CPU.Build.0 = Release|Any CPU
		{573DD6BF-BB52-4D7F-9888-931409765643}.Debug|Any CPU.ActiveCfg = Debug|Any CPU
		{573DD6BF-BB52-4D7F-9888-931409765643}.Debug|Any CPU.Build.0 = Debug|Any CPU
		{573DD6BF-BB52-4D7F-9888-931409765643}.Release|Any CPU.ActiveCfg = Release|Any CPU
		{573DD6BF-BB52-4D7F-9888-931409765643}.Release|Any CPU.Build.0 = Release|Any CPU
		{D8C83D79-684B-4B0F-9E34-B5496E79FEDD}.Debug|Any CPU.ActiveCfg = Debug|Any CPU
		{D8C83D79-684B-4B0F-9E34-B5496E79FEDD}.Debug|Any CPU.Build.0 = Debug|Any CPU
		{D8C83D79-684B-4B0F-9E34-B5496E79FEDD}.Release|Any CPU.ActiveCfg = Release|Any CPU
		{D8C83D79-684B-4B0F-9E34-B5496E79FEDD}.Release|Any CPU.Build.0 = Release|Any CPU
	EndGlobalSection
	GlobalSection(SolutionProperties) = preSolution
		HideSolutionNode = FALSE
	EndGlobalSection
	GlobalSection(ExtensibilityGlobals) = postSolution
		SolutionGuid = {26401897-23D3-4A4A-9AB0-4B2B28713B80}
	EndGlobalSection
EndGlobal
